// !$*UTF8*$!
{
	archiveVersion = 1;
	classes = {
	};
	objectVersion = 50;
	objects = {

/* Begin PBXBuildFile section */
		155EF289241FE46300527867 /* AppDelegate.swift in Sources */ = {isa = PBXBuildFile; fileRef = 155EF288241FE46300527867 /* AppDelegate.swift */; };
		155EF28B241FE46300527867 /* SceneDelegate.swift in Sources */ = {isa = PBXBuildFile; fileRef = 155EF28A241FE46300527867 /* SceneDelegate.swift */; };
		155EF28D241FE46300527867 /* ViewController.swift in Sources */ = {isa = PBXBuildFile; fileRef = 155EF28C241FE46300527867 /* ViewController.swift */; };
		155EF290241FE46300527867 /* Main.storyboard in Resources */ = {isa = PBXBuildFile; fileRef = 155EF28E241FE46300527867 /* Main.storyboard */; };
		155EF292241FE46500527867 /* Assets.xcassets in Resources */ = {isa = PBXBuildFile; fileRef = 155EF291241FE46500527867 /* Assets.xcassets */; };
		155EF295241FE46500527867 /* LaunchScreen.storyboard in Resources */ = {isa = PBXBuildFile; fileRef = 155EF293241FE46500527867 /* LaunchScreen.storyboard */; };
		155EF2A0241FE46600527867 /* alejoFinanzasTests.swift in Sources */ = {isa = PBXBuildFile; fileRef = 155EF29F241FE46600527867 /* alejoFinanzasTests.swift */; };
		155EF2AB241FE46600527867 /* alejoFinanzasUITests.swift in Sources */ = {isa = PBXBuildFile; fileRef = 155EF2AA241FE46600527867 /* alejoFinanzasUITests.swift */; };
/* End PBXBuildFile section */

/* Begin PBXContainerItemProxy section */
		155EF29C241FE46600527867 /* PBXContainerItemProxy */ = {
			isa = PBXContainerItemProxy;
			containerPortal = 155EF27D241FE46300527867 /* Project object */;
			proxyType = 1;
			remoteGlobalIDString = 155EF284241FE46300527867;
			remoteInfo = alejoFinanzas;
		};
		155EF2A7241FE46600527867 /* PBXContainerItemProxy */ = {
			isa = PBXContainerItemProxy;
			containerPortal = 155EF27D241FE46300527867 /* Project object */;
			proxyType = 1;
			remoteGlobalIDString = 155EF284241FE46300527867;
			remoteInfo = alejoFinanzas;
		};
/* End PBXContainerItemProxy section */

/* Begin PBXFileReference section */
		155EF285241FE46300527867 /* alejoFinanzas.app */ = {isa = PBXFileReference; explicitFileType = wrapper.application; includeInIndex = 0; path = alejoFinanzas.app; sourceTree = BUILT_PRODUCTS_DIR; };
		155EF288241FE46300527867 /* AppDelegate.swift */ = {isa = PBXFileReference; lastKnownFileType = sourcecode.swift; path = AppDelegate.swift; sourceTree = "<group>"; };
		155EF28A241FE46300527867 /* SceneDelegate.swift */ = {isa = PBXFileReference; lastKnownFileType = sourcecode.swift; path = SceneDelegate.swift; sourceTree = "<group>"; };
		155EF28C241FE46300527867 /* ViewController.swift */ = {isa = PBXFileReference; lastKnownFileType = sourcecode.swift; path = ViewController.swift; sourceTree = "<group>"; };
		155EF28F241FE46300527867 /* Base */ = {isa = PBXFileReference; lastKnownFileType = file.storyboard; name = Base; path = Base.lproj/Main.storyboard; sourceTree = "<group>"; };
		155EF291241FE46500527867 /* Assets.xcassets */ = {isa = PBXFileReference; lastKnownFileType = folder.assetcatalog; path = Assets.xcassets; sourceTree = "<group>"; };
		155EF294241FE46500527867 /* Base */ = {isa = PBXFileReference; lastKnownFileType = file.storyboard; name = Base; path = Base.lproj/LaunchScreen.storyboard; sourceTree = "<group>"; };
		155EF296241FE46500527867 /* Info.plist */ = {isa = PBXFileReference; lastKnownFileType = text.plist.xml; path = Info.plist; sourceTree = "<group>"; };
		155EF29B241FE46600527867 /* alejoFinanzasTests.xctest */ = {isa = PBXFileReference; explicitFileType = wrapper.cfbundle; includeInIndex = 0; path = alejoFinanzasTests.xctest; sourceTree = BUILT_PRODUCTS_DIR; };
		155EF29F241FE46600527867 /* alejoFinanzasTests.swift */ = {isa = PBXFileReference; lastKnownFileType = sourcecode.swift; path = alejoFinanzasTests.swift; sourceTree = "<group>"; };
		155EF2A1241FE46600527867 /* Info.plist */ = {isa = PBXFileReference; lastKnownFileType = text.plist.xml; path = Info.plist; sourceTree = "<group>"; };
		155EF2A6241FE46600527867 /* alejoFinanzasUITests.xctest */ = {isa = PBXFileReference; explicitFileType = wrapper.cfbundle; includeInIndex = 0; path = alejoFinanzasUITests.xctest; sourceTree = BUILT_PRODUCTS_DIR; };
		155EF2AA241FE46600527867 /* alejoFinanzasUITests.swift */ = {isa = PBXFileReference; lastKnownFileType = sourcecode.swift; path = alejoFinanzasUITests.swift; sourceTree = "<group>"; };
		155EF2AC241FE46600527867 /* Info.plist */ = {isa = PBXFileReference; lastKnownFileType = text.plist.xml; path = Info.plist; sourceTree = "<group>"; };
/* End PBXFileReference section */

/* Begin PBXFrameworksBuildPhase section */
		155EF282241FE46300527867 /* Frameworks */ = {
			isa = PBXFrameworksBuildPhase;
			buildActionMask = 2147483647;
			files = (
			);
			runOnlyForDeploymentPostprocessing = 0;
		};
		155EF298241FE46600527867 /* Frameworks */ = {
			isa = PBXFrameworksBuildPhase;
			buildActionMask = 2147483647;
			files = (
			);
			runOnlyForDeploymentPostprocessing = 0;
		};
		155EF2A3241FE46600527867 /* Frameworks */ = {
			isa = PBXFrameworksBuildPhase;
			buildActionMask = 2147483647;
			files = (
			);
			runOnlyForDeploymentPostprocessing = 0;
		};
/* End PBXFrameworksBuildPhase section */

/* Begin PBXGroup section */
		155EF27C241FE46300527867 = {
			isa = PBXGroup;
			children = (
				155EF287241FE46300527867 /* alejoFinanzas */,
				155EF29E241FE46600527867 /* alejoFinanzasTests */,
				155EF2A9241FE46600527867 /* alejoFinanzasUITests */,
				155EF286241FE46300527867 /* Products */,
			);
			sourceTree = "<group>";
		};
		155EF286241FE46300527867 /* Products */ = {
			isa = PBXGroup;
			children = (
				155EF285241FE46300527867 /* alejoFinanzas.app */,
				155EF29B241FE46600527867 /* alejoFinanzasTests.xctest */,
				155EF2A6241FE46600527867 /* alejoFinanzasUITests.xctest */,
			);
			name = Products;
			sourceTree = "<group>";
		};
		155EF287241FE46300527867 /* alejoFinanzas */ = {
			isa = PBXGroup;
			children = (
				155EF288241FE46300527867 /* AppDelegate.swift */,
				155EF28A241FE46300527867 /* SceneDelegate.swift */,
				155EF28C241FE46300527867 /* ViewController.swift */,
				155EF28E241FE46300527867 /* Main.storyboard */,
				155EF291241FE46500527867 /* Assets.xcassets */,
				155EF293241FE46500527867 /* LaunchScreen.storyboard */,
				155EF296241FE46500527867 /* Info.plist */,
			);
			path = alejoFinanzas;
			sourceTree = "<group>";
		};
		155EF29E241FE46600527867 /* alejoFinanzasTests */ = {
			isa = PBXGroup;
			children = (
				155EF29F241FE46600527867 /* alejoFinanzasTests.swift */,
				155EF2A1241FE46600527867 /* Info.plist */,
			);
			path = alejoFinanzasTests;
			sourceTree = "<group>";
		};
		155EF2A9241FE46600527867 /* alejoFinanzasUITests */ = {
			isa = PBXGroup;
			children = (
				155EF2AA241FE46600527867 /* alejoFinanzasUITests.swift */,
				155EF2AC241FE46600527867 /* Info.plist */,
			);
			path = alejoFinanzasUITests;
			sourceTree = "<group>";
		};
/* End PBXGroup section */

/* Begin PBXNativeTarget section */
		155EF284241FE46300527867 /* alejoFinanzas */ = {
			isa = PBXNativeTarget;
			buildConfigurationList = 155EF2AF241FE46600527867 /* Build configuration list for PBXNativeTarget "alejoFinanzas" */;
			buildPhases = (
				155EF281241FE46300527867 /* Sources */,
				155EF282241FE46300527867 /* Frameworks */,
				155EF283241FE46300527867 /* Resources */,
			);
			buildRules = (
			);
			dependencies = (
			);
			name = alejoFinanzas;
			productName = alejoFinanzas;
			productReference = 155EF285241FE46300527867 /* alejoFinanzas.app */;
			productType = "com.apple.product-type.application";
		};
		155EF29A241FE46600527867 /* alejoFinanzasTests */ = {
			isa = PBXNativeTarget;
			buildConfigurationList = 155EF2B2241FE46600527867 /* Build configuration list for PBXNativeTarget "alejoFinanzasTests" */;
			buildPhases = (
				155EF297241FE46600527867 /* Sources */,
				155EF298241FE46600527867 /* Frameworks */,
				155EF299241FE46600527867 /* Resources */,
			);
			buildRules = (
			);
			dependencies = (
				155EF29D241FE46600527867 /* PBXTargetDependency */,
			);
			name = alejoFinanzasTests;
			productName = alejoFinanzasTests;
			productReference = 155EF29B241FE46600527867 /* alejoFinanzasTests.xctest */;
			productType = "com.apple.product-type.bundle.unit-test";
		};
		155EF2A5241FE46600527867 /* alejoFinanzasUITests */ = {
			isa = PBXNativeTarget;
			buildConfigurationList = 155EF2B5241FE46600527867 /* Build configuration list for PBXNativeTarget "alejoFinanzasUITests" */;
			buildPhases = (
				155EF2A2241FE46600527867 /* Sources */,
				155EF2A3241FE46600527867 /* Frameworks */,
				155EF2A4241FE46600527867 /* Resources */,
			);
			buildRules = (
			);
			dependencies = (
				155EF2A8241FE46600527867 /* PBXTargetDependency */,
			);
			name = alejoFinanzasUITests;
			productName = alejoFinanzasUITests;
			productReference = 155EF2A6241FE46600527867 /* alejoFinanzasUITests.xctest */;
			productType = "com.apple.product-type.bundle.ui-testing";
		};
/* End PBXNativeTarget section */

/* Begin PBXProject section */
		155EF27D241FE46300527867 /* Project object */ = {
			isa = PBXProject;
			attributes = {
				LastSwiftUpdateCheck = 1130;
				LastUpgradeCheck = 1130;
				ORGANIZATIONNAME = Alejo;
				TargetAttributes = {
					155EF284241FE46300527867 = {
						CreatedOnToolsVersion = 11.3.1;
					};
					155EF29A241FE46600527867 = {
						CreatedOnToolsVersion = 11.3.1;
						TestTargetID = 155EF284241FE46300527867;
					};
					155EF2A5241FE46600527867 = {
						CreatedOnToolsVersion = 11.3.1;
						TestTargetID = 155EF284241FE46300527867;
					};
				};
			};
			buildConfigurationList = 155EF280241FE46300527867 /* Build configuration list for PBXProject "alejoFinanzas" */;
			compatibilityVersion = "Xcode 9.3";
			developmentRegion = en;
			hasScannedForEncodings = 0;
			knownRegions = (
				en,
				Base,
			);
			mainGroup = 155EF27C241FE46300527867;
			productRefGroup = 155EF286241FE46300527867 /* Products */;
			projectDirPath = "";
			projectRoot = "";
			targets = (
				155EF284241FE46300527867 /* alejoFinanzas */,
				155EF29A241FE46600527867 /* alejoFinanzasTests */,
				155EF2A5241FE46600527867 /* alejoFinanzasUITests */,
			);
		};
/* End PBXProject section */

/* Begin PBXResourcesBuildPhase section */
		155EF283241FE46300527867 /* Resources */ = {
			isa = PBXResourcesBuildPhase;
			buildActionMask = 2147483647;
			files = (
				155EF295241FE46500527867 /* LaunchScreen.storyboard in Resources */,
				155EF292241FE46500527867 /* Assets.xcassets in Resources */,
				155EF290241FE46300527867 /* Main.storyboard in Resources */,
			);
			runOnlyForDeploymentPostprocessing = 0;
		};
		155EF299241FE46600527867 /* Resources */ = {
			isa = PBXResourcesBuildPhase;
			buildActionMask = 2147483647;
			files = (
			);
			runOnlyForDeploymentPostprocessing = 0;
		};
		155EF2A4241FE46600527867 /* Resources */ = {
			isa = PBXResourcesBuildPhase;
			buildActionMask = 2147483647;
			files = (
			);
			runOnlyForDeploymentPostprocessing = 0;
		};
/* End PBXResourcesBuildPhase section */

/* Begin PBXSourcesBuildPhase section */
		155EF281241FE46300527867 /* Sources */ = {
			isa = PBXSourcesBuildPhase;
			buildActionMask = 2147483647;
			files = (
				155EF28D241FE46300527867 /* ViewController.swift in Sources */,
				155EF289241FE46300527867 /* AppDelegate.swift in Sources */,
				155EF28B241FE46300527867 /* SceneDelegate.swift in Sources */,
			);
			runOnlyForDeploymentPostprocessing = 0;
		};
		155EF297241FE46600527867 /* Sources */ = {
			isa = PBXSourcesBuildPhase;
			buildActionMask = 2147483647;
			files = (
				155EF2A0241FE46600527867 /* alejoFinanzasTests.swift in Sources */,
			);
			runOnlyForDeploymentPostprocessing = 0;
		};
		155EF2A2241FE46600527867 /* Sources */ = {
			isa = PBXSourcesBuildPhase;
			buildActionMask = 2147483647;
			files = (
				155EF2AB241FE46600527867 /* alejoFinanzasUITests.swift in Sources */,
			);
			runOnlyForDeploymentPostprocessing = 0;
		};
/* End PBXSourcesBuildPhase section */

/* Begin PBXTargetDependency section */
		155EF29D241FE46600527867 /* PBXTargetDependency */ = {
			isa = PBXTargetDependency;
			target = 155EF284241FE46300527867 /* alejoFinanzas */;
			targetProxy = 155EF29C241FE46600527867 /* PBXContainerItemProxy */;
		};
		155EF2A8241FE46600527867 /* PBXTargetDependency */ = {
			isa = PBXTargetDependency;
			target = 155EF284241FE46300527867 /* alejoFinanzas */;
			targetProxy = 155EF2A7241FE46600527867 /* PBXContainerItemProxy */;
		};
/* End PBXTargetDependency section */

/* Begin PBXVariantGroup section */
		155EF28E241FE46300527867 /* Main.storyboard */ = {
			isa = PBXVariantGroup;
			children = (
				155EF28F241FE46300527867 /* Base */,
			);
			name = Main.storyboard;
			sourceTree = "<group>";
		};
		155EF293241FE46500527867 /* LaunchScreen.storyboard */ = {
			isa = PBXVariantGroup;
			children = (
				155EF294241FE46500527867 /* Base */,
			);
			name = LaunchScreen.storyboard;
			sourceTree = "<group>";
		};
/* End PBXVariantGroup section */

/* Begin XCBuildConfiguration section */
		155EF2AD241FE46600527867 /* Debug */ = {
			isa = XCBuildConfiguration;
			buildSettings = {
				ALWAYS_SEARCH_USER_PATHS = NO;
				CLANG_ANALYZER_NONNULL = YES;
				CLANG_ANALYZER_NUMBER_OBJECT_CONVERSION = YES_AGGRESSIVE;
				CLANG_CXX_LANGUAGE_STANDARD = "gnu++14";
				CLANG_CXX_LIBRARY = "libc++";
				CLANG_ENABLE_MODULES = YES;
				CLANG_ENABLE_OBJC_ARC = YES;
				CLANG_ENABLE_OBJC_WEAK = YES;
				CLANG_WARN_BLOCK_CAPTURE_AUTORELEASING = YES;
				CLANG_WARN_BOOL_CONVERSION = YES;
				CLANG_WARN_COMMA = YES;
				CLANG_WARN_CONSTANT_CONVERSION = YES;
				CLANG_WARN_DEPRECATED_OBJC_IMPLEMENTATIONS = YES;
				CLANG_WARN_DIRECT_OBJC_ISA_USAGE = YES_ERROR;
				CLANG_WARN_DOCUMENTATION_COMMENTS = YES;
				CLANG_WARN_EMPTY_BODY = YES;
				CLANG_WARN_ENUM_CONVERSION = YES;
				CLANG_WARN_INFINITE_RECURSION = YES;
				CLANG_WARN_INT_CONVERSION = YES;
				CLANG_WARN_NON_LITERAL_NULL_CONVERSION = YES;
				CLANG_WARN_OBJC_IMPLICIT_RETAIN_SELF = YES;
				CLANG_WARN_OBJC_LITERAL_CONVERSION = YES;
				CLANG_WARN_OBJC_ROOT_CLASS = YES_ERROR;
				CLANG_WARN_RANGE_LOOP_ANALYSIS = YES;
				CLANG_WARN_STRICT_PROTOTYPES = YES;
				CLANG_WARN_SUSPICIOUS_MOVE = YES;
				CLANG_WARN_UNGUARDED_AVAILABILITY = YES_AGGRESSIVE;
				CLANG_WARN_UNREACHABLE_CODE = YES;
				CLANG_WARN__DUPLICATE_METHOD_MATCH = YES;
				COPY_PHASE_STRIP = NO;
				DEBUG_INFORMATION_FORMAT = dwarf;
				ENABLE_STRICT_OBJC_MSGSEND = YES;
				ENABLE_TESTABILITY = YES;
				GCC_C_LANGUAGE_STANDARD = gnu11;
				GCC_DYNAMIC_NO_PIC = NO;
				GCC_NO_COMMON_BLOCKS = YES;
				GCC_OPTIMIZATION_LEVEL = 0;
				GCC_PREPROCESSOR_DEFINITIONS = (
					"DEBUG=1",
					"$(inherited)",
				);
				GCC_WARN_64_TO_32_BIT_CONVERSION = YES;
				GCC_WARN_ABOUT_RETURN_TYPE = YES_ERROR;
				GCC_WARN_UNDECLARED_SELECTOR = YES;
				GCC_WARN_UNINITIALIZED_AUTOS = YES_AGGRESSIVE;
				GCC_WARN_UNUSED_FUNCTION = YES;
				GCC_WARN_UNUSED_VARIABLE = YES;
				IPHONEOS_DEPLOYMENT_TARGET = 13.2;
				MTL_ENABLE_DEBUG_INFO = INCLUDE_SOURCE;
				MTL_FAST_MATH = YES;
				ONLY_ACTIVE_ARCH = YES;
				SDKROOT = iphoneos;
				SWIFT_ACTIVE_COMPILATION_CONDITIONS = DEBUG;
				SWIFT_OPTIMIZATION_LEVEL = "-Onone";
			};
			name = Debug;
		};
		155EF2AE241FE46600527867 /* Release */ = {
			isa = XCBuildConfiguration;
			buildSettings = {
				ALWAYS_SEARCH_USER_PATHS = NO;
				CLANG_ANALYZER_NONNULL = YES;
				CLANG_ANALYZER_NUMBER_OBJECT_CONVERSION = YES_AGGRESSIVE;
				CLANG_CXX_LANGUAGE_STANDARD = "gnu++14";
				CLANG_CXX_LIBRARY = "libc++";
				CLANG_ENABLE_MODULES = YES;
				CLANG_ENABLE_OBJC_ARC = YES;
				CLANG_ENABLE_OBJC_WEAK = YES;
				CLANG_WARN_BLOCK_CAPTURE_AUTORELEASING = YES;
				CLANG_WARN_BOOL_CONVERSION = YES;
				CLANG_WARN_COMMA = YES;
				CLANG_WARN_CONSTANT_CONVERSION = YES;
				CLANG_WARN_DEPRECATED_OBJC_IMPLEMENTATIONS = YES;
				CLANG_WARN_DIRECT_OBJC_ISA_USAGE = YES_ERROR;
				CLANG_WARN_DOCUMENTATION_COMMENTS = YES;
				CLANG_WARN_EMPTY_BODY = YES;
				CLANG_WARN_ENUM_CONVERSION = YES;
				CLANG_WARN_INFINITE_RECURSION = YES;
				CLANG_WARN_INT_CONVERSION = YES;
				CLANG_WARN_NON_LITERAL_NULL_CONVERSION = YES;
				CLANG_WARN_OBJC_IMPLICIT_RETAIN_SELF = YES;
				CLANG_WARN_OBJC_LITERAL_CONVERSION = YES;
				CLANG_WARN_OBJC_ROOT_CLASS = YES_ERROR;
				CLANG_WARN_RANGE_LOOP_ANALYSIS = YES;
				CLANG_WARN_STRICT_PROTOTYPES = YES;
				CLANG_WARN_SUSPICIOUS_MOVE = YES;
				CLANG_WARN_UNGUARDED_AVAILABILITY = YES_AGGRESSIVE;
				CLANG_WARN_UNREACHABLE_CODE = YES;
				CLANG_WARN__DUPLICATE_METHOD_MATCH = YES;
				COPY_PHASE_STRIP = NO;
				DEBUG_INFORMATION_FORMAT = "dwarf-with-dsym";
				ENABLE_NS_ASSERTIONS = NO;
				ENABLE_STRICT_OBJC_MSGSEND = YES;
				GCC_C_LANGUAGE_STANDARD = gnu11;
				GCC_NO_COMMON_BLOCKS = YES;
				GCC_WARN_64_TO_32_BIT_CONVERSION = YES;
				GCC_WARN_ABOUT_RETURN_TYPE = YES_ERROR;
				GCC_WARN_UNDECLARED_SELECTOR = YES;
				GCC_WARN_UNINITIALIZED_AUTOS = YES_AGGRESSIVE;
				GCC_WARN_UNUSED_FUNCTION = YES;
				GCC_WARN_UNUSED_VARIABLE = YES;
				IPHONEOS_DEPLOYMENT_TARGET = 13.2;
				MTL_ENABLE_DEBUG_INFO = NO;
				MTL_FAST_MATH = YES;
				SDKROOT = iphoneos;
				SWIFT_COMPILATION_MODE = wholemodule;
				SWIFT_OPTIMIZATION_LEVEL = "-O";
				VALIDATE_PRODUCT = YES;
			};
			name = Release;
		};
		155EF2B0241FE46600527867 /* Debug */ = {
			isa = XCBuildConfiguration;
			buildSettings = {
				ASSETCATALOG_COMPILER_APPICON_NAME = AppIcon;
				CODE_SIGN_STYLE = Automatic;
				INFOPLIST_FILE = alejoFinanzas/Info.plist;
				LD_RUNPATH_SEARCH_PATHS = (
					"$(inherited)",
					"@executable_path/Frameworks",
				);
				PRODUCT_BUNDLE_IDENTIFIER = Coldevs.alejoFinanzas;
				PRODUCT_NAME = "$(TARGET_NAME)";
				SWIFT_VERSION = 5.0;
				TARGETED_DEVICE_FAMILY = "1,2";
			};
			name = Debug;
		};
		155EF2B1241FE46600527867 /* Release */ = {
			isa = XCBuildConfiguration;
			buildSettings = {
				ASSETCATALOG_COMPILER_APPICON_NAME = AppIcon;
				CODE_SIGN_STYLE = Automatic;
				INFOPLIST_FILE = alejoFinanzas/Info.plist;
				LD_RUNPATH_SEARCH_PATHS = (
					"$(inherited)",
					"@executable_path/Frameworks",
				);
				PRODUCT_BUNDLE_IDENTIFIER = Coldevs.alejoFinanzas;
				PRODUCT_NAME = "$(TARGET_NAME)";
				SWIFT_VERSION = 5.0;
				TARGETED_DEVICE_FAMILY = "1,2";
			};
			name = Release;
		};
		155EF2B3241FE46600527867 /* Debug */ = {
			isa = XCBuildConfiguration;
			buildSettings = {
				ALWAYS_EMBED_SWIFT_STANDARD_LIBRARIES = YES;
				BUNDLE_LOADER = "$(TEST_HOST)";
				CODE_SIGN_STYLE = Automatic;
				INFOPLIST_FILE = alejoFinanzasTests/Info.plist;
				IPHONEOS_DEPLOYMENT_TARGET = 13.2;
				LD_RUNPATH_SEARCH_PATHS = (
					"$(inherited)",
					"@executable_path/Frameworks",
					"@loader_path/Frameworks",
				);
				PRODUCT_BUNDLE_IDENTIFIER = Coldevs.alejoFinanzasTests;
				PRODUCT_NAME = "$(TARGET_NAME)";
				SWIFT_VERSION = 5.0;
				TARGETED_DEVICE_FAMILY = "1,2";
				TEST_HOST = "$(BUILT_PRODUCTS_DIR)/alejoFinanzas.app/alejoFinanzas";
			};
			name = Debug;
		};
		155EF2B4241FE46600527867 /* Release */ = {
			isa = XCBuildConfiguration;
			buildSettings = {
				ALWAYS_EMBED_SWIFT_STANDARD_LIBRARIES = YES;
				BUNDLE_LOADER = "$(TEST_HOST)";
				CODE_SIGN_STYLE = Automatic;
				INFOPLIST_FILE = alejoFinanzasTests/Info.plist;
				IPHONEOS_DEPLOYMENT_TARGET = 13.2;
				LD_RUNPATH_SEARCH_PATHS = (
					"$(inherited)",
					"@executable_path/Frameworks",
					"@loader_path/Frameworks",
				);
				PRODUCT_BUNDLE_IDENTIFIER = Coldevs.alejoFinanzasTests;
				PRODUCT_NAME = "$(TARGET_NAME)";
				SWIFT_VERSION = 5.0;
				TARGETED_DEVICE_FAMILY = "1,2";
				TEST_HOST = "$(BUILT_PRODUCTS_DIR)/alejoFinanzas.app/alejoFinanzas";
			};
			name = Release;
		};
		155EF2B6241FE46600527867 /* Debug */ = {
			isa = XCBuildConfiguration;
			buildSettings = {
				ALWAYS_EMBED_SWIFT_STANDARD_LIBRARIES = YES;
				CODE_SIGN_STYLE = Automatic;
				INFOPLIST_FILE = alejoFinanzasUITests/Info.plist;
				LD_RUNPATH_SEARCH_PATHS = (
					"$(inherited)",
					"@executable_path/Frameworks",
					"@loader_path/Frameworks",
				);
				PRODUCT_BUNDLE_IDENTIFIER = Coldevs.alejoFinanzasUITests;
				PRODUCT_NAME = "$(TARGET_NAME)";
				SWIFT_VERSION = 5.0;
				TARGETED_DEVICE_FAMILY = "1,2";
				TEST_TARGET_NAME = alejoFinanzas;
			};
			name = Debug;
		};
		155EF2B7241FE46600527867 /* Release */ = {
			isa = XCBuildConfiguration;
			buildSettings = {
				ALWAYS_EMBED_SWIFT_STANDARD_LIBRARIES = YES;
				CODE_SIGN_STYLE = Automatic;
				INFOPLIST_FILE = alejoFinanzasUITests/Info.plist;
				LD_RUNPATH_SEARCH_PATHS = (
					"$(inherited)",
					"@executable_path/Frameworks",
					"@loader_path/Frameworks",
				);
				PRODUCT_BUNDLE_IDENTIFIER = Coldevs.alejoFinanzasUITests;
				PRODUCT_NAME = "$(TARGET_NAME)";
				SWIFT_VERSION = 5.0;
				TARGETED_DEVICE_FAMILY = "1,2";
				TEST_TARGET_NAME = alejoFinanzas;
			};
			name = Release;
		};
/* End XCBuildConfiguration section */

/* Begin XCConfigurationList section */
		155EF280241FE46300527867 /* Build configuration list for PBXProject "alejoFinanzas" */ = {
			isa = XCConfigurationList;
			buildConfigurations = (
				155EF2AD241FE46600527867 /* Debug */,
				155EF2AE241FE46600527867 /* Release */,
			);
			defaultConfigurationIsVisible = 0;
			defaultConfigurationName = Release;
		};
		155EF2AF241FE46600527867 /* Build configuration list for PBXNativeTarget "alejoFinanzas" */ = {
			isa = XCConfigurationList;
			buildConfigurations = (
				155EF2B0241FE46600527867 /* Debug */,
				155EF2B1241FE46600527867 /* Release */,
			);
			defaultConfigurationIsVisible = 0;
			defaultConfigurationName = Release;
		};
		155EF2B2241FE46600527867 /* Build configuration list for PBXNativeTarget "alejoFinanzasTests" */ = {
			isa = XCConfigurationList;
			buildConfigurations = (
				155EF2B3241FE46600527867 /* Debug */,
				155EF2B4241FE46600527867 /* Release */,
			);
			defaultConfigurationIsVisible = 0;
			defaultConfigurationName = Release;
		};
		155EF2B5241FE46600527867 /* Build configuration list for PBXNativeTarget "alejoFinanzasUITests" */ = {
			isa = XCConfigurationList;
			buildConfigurations = (
				155EF2B6241FE46600527867 /* Debug */,
				155EF2B7241FE46600527867 /* Release */,
			);
			defaultConfigurationIsVisible = 0;
			defaultConfigurationName = Release;
		};
/* End XCConfigurationList section */
	};
	rootObject = 155EF27D241FE46300527867 /* Project object */;
}
